
Microsoft Visual Studio Solution File, Format Version 12.00
Project("{FAE04EC0-301F-11D3-BF4B-00C04F79EFBC}") = "Customers", "Customers\Customers.csproj", "{3C8701FD-A99B-4AFB-A0D9-7D17BA61364E}"
EndProject
Global
	GlobalSection(SolutionConfigurationPlatforms) = preSolution
		Debug|Any CPU = Debug|Any CPU
		Release|Any CPU = Release|Any CPU
	EndGlobalSection
	GlobalSection(ProjectConfigurationPlatforms) = postSolution
		{3C8701FD-A99B-4AFB-A0D9-7D17BA61364E}.Debug|Any CPU.ActiveCfg = Debug|Any CPU
		{3C8701FD-A99B-4AFB-A0D9-7D17BA61364E}.Debug|Any CPU.Build.0 = Debug|Any CPU
		{3C8701FD-A99B-4AFB-A0D9-7D17BA61364E}.Release|Any CPU.ActiveCfg = Release|Any CPU
		{3C8701FD-A99B-4AFB-A0D9-7D17BA61364E}.Release|Any CPU.Build.0 = Release|Any CPU
	EndGlobalSection
EndGlobal
